// !$*UTF8*$!
{
	archiveVersion = 1;
	classes = {
	};
	objectVersion = 56;
	objects = {

/* Begin PBXBuildFile section */
		163214A32A0DD07000FA87CC /* DDayCalendarView.swift in Sources */ = {isa = PBXBuildFile; fileRef = 163214A22A0DD07000FA87CC /* DDayCalendarView.swift */; };
		1635FA862A03AB490056C2CB /* CheerLogView.swift in Sources */ = {isa = PBXBuildFile; fileRef = 1635FA852A03AB490056C2CB /* CheerLogView.swift */; };
		166972622A015A4600702B59 /* mc2_DreamLogApp.swift in Sources */ = {isa = PBXBuildFile; fileRef = 166972612A015A4600702B59 /* mc2_DreamLogApp.swift */; };
		166972662A015A4800702B59 /* Assets.xcassets in Resources */ = {isa = PBXBuildFile; fileRef = 166972652A015A4800702B59 /* Assets.xcassets */; };
		166972692A015A4800702B59 /* Preview Assets.xcassets in Resources */ = {isa = PBXBuildFile; fileRef = 166972682A015A4800702B59 /* Preview Assets.xcassets */; };
		167435622A09021D00891AAB /* CoreData.xcdatamodeld in Sources */ = {isa = PBXBuildFile; fileRef = 167435602A09021D00891AAB /* CoreData.xcdatamodeld */; };
		43391BF82A0F712700AF1BD5 /* LoadingView.swift in Sources */ = {isa = PBXBuildFile; fileRef = 43391BF72A0F712700AF1BD5 /* LoadingView.swift */; };
		438E87862A0881CB00037E11 /* FixableImageView.swift in Sources */ = {isa = PBXBuildFile; fileRef = 438E87852A0881CB00037E11 /* FixableImageView.swift */; };
		438E87882A0882AB00037E11 /* FocusUUID.swift in Sources */ = {isa = PBXBuildFile; fileRef = 438E87872A0882AB00037E11 /* FocusUUID.swift */; };
		43CEE4622A0DE3160077559E /* DreamBoardEditView.swift in Sources */ = {isa = PBXBuildFile; fileRef = 43CEE4612A0DE3160077559E /* DreamBoardEditView.swift */; };
		43CEE4642A0E0CA80077559E /* DreamLogModel.swift in Sources */ = {isa = PBXBuildFile; fileRef = 43CEE4632A0E0CA80077559E /* DreamLogModel.swift */; };
		781EC7C22A0B3C7B00C47893 /* TransferableUIImage.swift in Sources */ = {isa = PBXBuildFile; fileRef = 781EC7C12A0B3C7B00C47893 /* TransferableUIImage.swift */; };
		78293F482A0C95E500F5EA48 /* WidgetKit.framework in Frameworks */ = {isa = PBXBuildFile; fileRef = 78293F472A0C95E500F5EA48 /* WidgetKit.framework */; };
		78293F4A2A0C95E500F5EA48 /* SwiftUI.framework in Frameworks */ = {isa = PBXBuildFile; fileRef = 78293F492A0C95E500F5EA48 /* SwiftUI.framework */; };
		78293F4D2A0C95E500F5EA48 /* DreamBoardWidgetBundle.swift in Sources */ = {isa = PBXBuildFile; fileRef = 78293F4C2A0C95E500F5EA48 /* DreamBoardWidgetBundle.swift */; };
		78293F4F2A0C95E500F5EA48 /* DreamBoardWidgetLiveActivity.swift in Sources */ = {isa = PBXBuildFile; fileRef = 78293F4E2A0C95E500F5EA48 /* DreamBoardWidgetLiveActivity.swift */; };
		78293F512A0C95E500F5EA48 /* DreamBoardWidget.swift in Sources */ = {isa = PBXBuildFile; fileRef = 78293F502A0C95E500F5EA48 /* DreamBoardWidget.swift */; };
		78293F542A0C95E600F5EA48 /* Assets.xcassets in Resources */ = {isa = PBXBuildFile; fileRef = 78293F532A0C95E600F5EA48 /* Assets.xcassets */; };
		78293F562A0C95E600F5EA48 /* DreamBoardWidget.intentdefinition in Sources */ = {isa = PBXBuildFile; fileRef = 78293F522A0C95E500F5EA48 /* DreamBoardWidget.intentdefinition */; };
		78293F572A0C95E600F5EA48 /* DreamBoardWidget.intentdefinition in Sources */ = {isa = PBXBuildFile; fileRef = 78293F522A0C95E500F5EA48 /* DreamBoardWidget.intentdefinition */; };
		78293F5A2A0C95E600F5EA48 /* DreamBoardWidgetExtension.appex in Embed Foundation Extensions */ = {isa = PBXBuildFile; fileRef = 78293F452A0C95E500F5EA48 /* DreamBoardWidgetExtension.appex */; settings = {ATTRIBUTES = (RemoveHeadersOnCopy, ); }; };
		782DFF6A2A0DC0D500DB62FF /* ImageFileManager.swift in Sources */ = {isa = PBXBuildFile; fileRef = 782DFF692A0DC0D500DB62FF /* ImageFileManager.swift */; };
		782E9AF12A0379CC0025FD48 /* BoardElement.swift in Sources */ = {isa = PBXBuildFile; fileRef = 782E9AF02A0379CC0025FD48 /* BoardElement.swift */; };
		784EB5B92A03423B0096D427 /* ButtonBrownModifier.swift in Sources */ = {isa = PBXBuildFile; fileRef = 784EB5B82A03423B0096D427 /* ButtonBrownModifier.swift */; };
		784EB5BB2A0342670096D427 /* ButtonWhiteBoldModifier.swift in Sources */ = {isa = PBXBuildFile; fileRef = 784EB5BA2A0342670096D427 /* ButtonWhiteBoldModifier.swift */; };
		784EB5BD2A0342800096D427 /* TextBrownModifier.swift in Sources */ = {isa = PBXBuildFile; fileRef = 784EB5BC2A0342800096D427 /* TextBrownModifier.swift */; };
		784EB5BF2A0342990096D427 /* TextGrayModifier.swift in Sources */ = {isa = PBXBuildFile; fileRef = 784EB5BE2A0342990096D427 /* TextGrayModifier.swift */; };
		784EB5C12A0342C90096D427 /* ViewExtension.swift in Sources */ = {isa = PBXBuildFile; fileRef = 784EB5C02A0342C90096D427 /* ViewExtension.swift */; };
		784EB5C32A03453B0096D427 /* BindingExtension.swift in Sources */ = {isa = PBXBuildFile; fileRef = 784EB5C22A03453B0096D427 /* BindingExtension.swift */; };
		784EB5C62A0345630096D427 /* TutorialBoardElement.swift in Sources */ = {isa = PBXBuildFile; fileRef = 784EB5C52A0345630096D427 /* TutorialBoardElement.swift */; };
		784EB5C92A0345A20096D427 /* MainView.swift in Sources */ = {isa = PBXBuildFile; fileRef = 784EB5C82A0345A20096D427 /* MainView.swift */; };
		784EB5CB2A0345B90096D427 /* DreamBoardView.swift in Sources */ = {isa = PBXBuildFile; fileRef = 784EB5CA2A0345B90096D427 /* DreamBoardView.swift */; };
		784EB5CE2A0345E60096D427 /* TutorialStartView.swift in Sources */ = {isa = PBXBuildFile; fileRef = 784EB5CD2A0345E60096D427 /* TutorialStartView.swift */; };
		784EB5D02A0345FD0096D427 /* TutorialView.swift in Sources */ = {isa = PBXBuildFile; fileRef = 784EB5CF2A0345FD0096D427 /* TutorialView.swift */; };
		784EB5D22A0346160096D427 /* TuturialBoardView.swift in Sources */ = {isa = PBXBuildFile; fileRef = 784EB5D12A0346160096D427 /* TuturialBoardView.swift */; };
		784EB5D42A03462F0096D427 /* TutorialCalendarView.swift in Sources */ = {isa = PBXBuildFile; fileRef = 784EB5D32A03462F0096D427 /* TutorialCalendarView.swift */; };
		784EB5D62A0346470096D427 /* TutorialWidgetView.swift in Sources */ = {isa = PBXBuildFile; fileRef = 784EB5D52A0346470096D427 /* TutorialWidgetView.swift */; };
		784EB5D92A03467B0096D427 /* ImagePicker.swift in Sources */ = {isa = PBXBuildFile; fileRef = 784EB5D82A03467B0096D427 /* ImagePicker.swift */; };
		784EB5DB2A0346C70096D427 /* EditMenuView.swift in Sources */ = {isa = PBXBuildFile; fileRef = 784EB5DA2A0346C70096D427 /* EditMenuView.swift */; };
		784EB5DD2A0346E20096D427 /* BgColorGeoView.swift in Sources */ = {isa = PBXBuildFile; fileRef = 784EB5DC2A0346E20096D427 /* BgColorGeoView.swift */; };
		784EB5DF2A0346FA0096D427 /* MultiPreview.swift in Sources */ = {isa = PBXBuildFile; fileRef = 784EB5DE2A0346FA0096D427 /* MultiPreview.swift */; };
		784EB5E12A0370E80096D427 /* EditColorView.swift in Sources */ = {isa = PBXBuildFile; fileRef = 784EB5E02A0370E80096D427 /* EditColorView.swift */; };
		78A28BBC2A0D0E920034B0A9 /* DBHelper.swift in Sources */ = {isa = PBXBuildFile; fileRef = 78A28BBB2A0D0E920034B0A9 /* DBHelper.swift */; };
		78A28BBE2A0DB6310034B0A9 /* UIViewExtension.swift in Sources */ = {isa = PBXBuildFile; fileRef = 78A28BBD2A0DB6310034B0A9 /* UIViewExtension.swift */; };
		78B0160D2A08C2060069ED6F /* MenuButtonModifier.swift in Sources */ = {isa = PBXBuildFile; fileRef = 78B0160C2A08C2060069ED6F /* MenuButtonModifier.swift */; };
		78C24FD62A0242710070906B /* ColorExtension.swift in Sources */ = {isa = PBXBuildFile; fileRef = 78C24FD52A0242710070906B /* ColorExtension.swift */; };
		78D85B642A0F3EE100483D95 /* DreamLogTableProtocol.swift in Sources */ = {isa = PBXBuildFile; fileRef = 78D85B632A0F3EE100483D95 /* DreamLogTableProtocol.swift */; };
		78D85B662A0F3EF000483D95 /* CheerLogTableProtocol.swift in Sources */ = {isa = PBXBuildFile; fileRef = 78D85B652A0F3EF000483D95 /* CheerLogTableProtocol.swift */; };
		78D85B682A0F3FDD00483D95 /* DBHelperExtension.swift in Sources */ = {isa = PBXBuildFile; fileRef = 78D85B672A0F3FDD00483D95 /* DBHelperExtension.swift */; };
		78D85B6A2A0F44E100483D95 /* CheerLogModel.swift in Sources */ = {isa = PBXBuildFile; fileRef = 78D85B692A0F44E100483D95 /* CheerLogModel.swift */; };
		83C60E1C2A03D51D00F8E76B /* EditDrawingView.swift in Sources */ = {isa = PBXBuildFile; fileRef = 83C60E1B2A03D51D00F8E76B /* EditDrawingView.swift */; };
		83C60E2C2A05251500F8E76B /* EditDrawingMenuView.swift in Sources */ = {isa = PBXBuildFile; fileRef = 83C60E2B2A05251500F8E76B /* EditDrawingMenuView.swift */; };
		9500AB9B2A07E2350034933C /* TutorialTextEditView.swift in Sources */ = {isa = PBXBuildFile; fileRef = 9500AB9A2A07E2350034933C /* TutorialTextEditView.swift */; };
		9500AB9D2A09E8620034933C /* ColorPreset.swift in Sources */ = {isa = PBXBuildFile; fileRef = 9500AB9C2A09E8620034933C /* ColorPreset.swift */; };
		9500AB9F2A09F6800034933C /* EmojiPicker.swift in Sources */ = {isa = PBXBuildFile; fileRef = 9500AB9E2A09F6800034933C /* EmojiPicker.swift */; };
		9570414A2A0B625E000633CD /* WidgetSizeButtonsView.swift in Sources */ = {isa = PBXBuildFile; fileRef = 957041492A0B625E000633CD /* WidgetSizeButtonsView.swift */; };
		9570414C2A0B6A67000633CD /* WidgetAreaView.swift in Sources */ = {isa = PBXBuildFile; fileRef = 9570414B2A0B6A67000633CD /* WidgetAreaView.swift */; };
		9570414E2A0C7150000633CD /* FontExtension.swift in Sources */ = {isa = PBXBuildFile; fileRef = 9570414D2A0C7150000633CD /* FontExtension.swift */; };
		957041522A0C72A3000633CD /* JalnanOTF.otf in Resources */ = {isa = PBXBuildFile; fileRef = 957041502A0C72A3000633CD /* JalnanOTF.otf */; };
		957041532A0C72A3000633CD /* Pilseung Gothic Regular.otf in Resources */ = {isa = PBXBuildFile; fileRef = 957041512A0C72A3000633CD /* Pilseung Gothic Regular.otf */; };
		957041672A0C777C000633CD /* GabiaHeuldot.otf in Resources */ = {isa = PBXBuildFile; fileRef = 957041652A0C777C000633CD /* GabiaHeuldot.otf */; };
		957041682A0C777C000633CD /* The Jamsil OTF 4 Medium.otf in Resources */ = {isa = PBXBuildFile; fileRef = 957041662A0C777C000633CD /* The Jamsil OTF 4 Medium.otf */; };
		9570416C2A0C856D000633CD /* Tab1Model.swift in Sources */ = {isa = PBXBuildFile; fileRef = 9570416B2A0C856D000633CD /* Tab1Model.swift */; };
		9570416E2A0CBDB4000633CD /* DreamLogView.swift in Sources */ = {isa = PBXBuildFile; fileRef = 9570416D2A0CBDB4000633CD /* DreamLogView.swift */; };
/* End PBXBuildFile section */

/* Begin PBXContainerItemProxy section */
		78293F582A0C95E600F5EA48 /* PBXContainerItemProxy */ = {
			isa = PBXContainerItemProxy;
			containerPortal = 166972562A015A4600702B59 /* Project object */;
			proxyType = 1;
			remoteGlobalIDString = 78293F442A0C95E500F5EA48;
			remoteInfo = DreamBoardWidgetExtension;
		};
/* End PBXContainerItemProxy section */

/* Begin PBXCopyFilesBuildPhase section */
		78293F5B2A0C95E600F5EA48 /* Embed Foundation Extensions */ = {
			isa = PBXCopyFilesBuildPhase;
			buildActionMask = 2147483647;
			dstPath = "";
			dstSubfolderSpec = 13;
			files = (
				78293F5A2A0C95E600F5EA48 /* DreamBoardWidgetExtension.appex in Embed Foundation Extensions */,
			);
			name = "Embed Foundation Extensions";
			runOnlyForDeploymentPostprocessing = 0;
		};
/* End PBXCopyFilesBuildPhase section */

/* Begin PBXFileReference section */
		163214A22A0DD07000FA87CC /* DDayCalendarView.swift */ = {isa = PBXFileReference; lastKnownFileType = sourcecode.swift; path = DDayCalendarView.swift; sourceTree = "<group>"; };
		1635FA852A03AB490056C2CB /* CheerLogView.swift */ = {isa = PBXFileReference; lastKnownFileType = sourcecode.swift; path = CheerLogView.swift; sourceTree = "<group>"; };
		1669725E2A015A4600702B59 /* mc2-DreamLog.app */ = {isa = PBXFileReference; explicitFileType = wrapper.application; includeInIndex = 0; path = "mc2-DreamLog.app"; sourceTree = BUILT_PRODUCTS_DIR; };
		166972612A015A4600702B59 /* mc2_DreamLogApp.swift */ = {isa = PBXFileReference; lastKnownFileType = sourcecode.swift; path = mc2_DreamLogApp.swift; sourceTree = "<group>"; };
		166972652A015A4800702B59 /* Assets.xcassets */ = {isa = PBXFileReference; lastKnownFileType = folder.assetcatalog; path = Assets.xcassets; sourceTree = "<group>"; };
		166972682A015A4800702B59 /* Preview Assets.xcassets */ = {isa = PBXFileReference; lastKnownFileType = folder.assetcatalog; path = "Preview Assets.xcassets"; sourceTree = "<group>"; };
		167435612A09021D00891AAB /* CoreData.xcdatamodel */ = {isa = PBXFileReference; lastKnownFileType = wrapper.xcdatamodel; path = CoreData.xcdatamodel; sourceTree = "<group>"; };
		43391BF72A0F712700AF1BD5 /* LoadingView.swift */ = {isa = PBXFileReference; lastKnownFileType = sourcecode.swift; path = LoadingView.swift; sourceTree = "<group>"; };
		438E87852A0881CB00037E11 /* FixableImageView.swift */ = {isa = PBXFileReference; lastKnownFileType = sourcecode.swift; path = FixableImageView.swift; sourceTree = "<group>"; };
		438E87872A0882AB00037E11 /* FocusUUID.swift */ = {isa = PBXFileReference; lastKnownFileType = sourcecode.swift; path = FocusUUID.swift; sourceTree = "<group>"; };
		43CEE4612A0DE3160077559E /* DreamBoardEditView.swift */ = {isa = PBXFileReference; lastKnownFileType = sourcecode.swift; path = DreamBoardEditView.swift; sourceTree = "<group>"; };
		43CEE4632A0E0CA80077559E /* DreamLogModel.swift */ = {isa = PBXFileReference; lastKnownFileType = sourcecode.swift; path = DreamLogModel.swift; sourceTree = "<group>"; };
		78028F782A10752500758C5B /* mc2-DreamLog.entitlements */ = {isa = PBXFileReference; lastKnownFileType = text.plist.entitlements; path = "mc2-DreamLog.entitlements"; sourceTree = "<group>"; };
		78028F792A10752A00758C5B /* DreamBoardWidgetExtension.entitlements */ = {isa = PBXFileReference; lastKnownFileType = text.plist.entitlements; path = DreamBoardWidgetExtension.entitlements; sourceTree = "<group>"; };
		781EC7C12A0B3C7B00C47893 /* TransferableUIImage.swift */ = {isa = PBXFileReference; lastKnownFileType = sourcecode.swift; path = TransferableUIImage.swift; sourceTree = "<group>"; };
		78293F452A0C95E500F5EA48 /* DreamBoardWidgetExtension.appex */ = {isa = PBXFileReference; explicitFileType = "wrapper.app-extension"; includeInIndex = 0; path = DreamBoardWidgetExtension.appex; sourceTree = BUILT_PRODUCTS_DIR; };
		78293F472A0C95E500F5EA48 /* WidgetKit.framework */ = {isa = PBXFileReference; lastKnownFileType = wrapper.framework; name = WidgetKit.framework; path = System/Library/Frameworks/WidgetKit.framework; sourceTree = SDKROOT; };
		78293F492A0C95E500F5EA48 /* SwiftUI.framework */ = {isa = PBXFileReference; lastKnownFileType = wrapper.framework; name = SwiftUI.framework; path = System/Library/Frameworks/SwiftUI.framework; sourceTree = SDKROOT; };
		78293F4C2A0C95E500F5EA48 /* DreamBoardWidgetBundle.swift */ = {isa = PBXFileReference; lastKnownFileType = sourcecode.swift; path = DreamBoardWidgetBundle.swift; sourceTree = "<group>"; };
		78293F4E2A0C95E500F5EA48 /* DreamBoardWidgetLiveActivity.swift */ = {isa = PBXFileReference; lastKnownFileType = sourcecode.swift; path = DreamBoardWidgetLiveActivity.swift; sourceTree = "<group>"; };
		78293F502A0C95E500F5EA48 /* DreamBoardWidget.swift */ = {isa = PBXFileReference; lastKnownFileType = sourcecode.swift; path = DreamBoardWidget.swift; sourceTree = "<group>"; };
		78293F522A0C95E500F5EA48 /* DreamBoardWidget.intentdefinition */ = {isa = PBXFileReference; lastKnownFileType = file.intentdefinition; path = DreamBoardWidget.intentdefinition; sourceTree = "<group>"; };
		78293F532A0C95E600F5EA48 /* Assets.xcassets */ = {isa = PBXFileReference; lastKnownFileType = folder.assetcatalog; path = Assets.xcassets; sourceTree = "<group>"; };
		78293F552A0C95E600F5EA48 /* Info.plist */ = {isa = PBXFileReference; lastKnownFileType = text.plist.xml; path = Info.plist; sourceTree = "<group>"; };
		782DFF692A0DC0D500DB62FF /* ImageFileManager.swift */ = {isa = PBXFileReference; lastKnownFileType = sourcecode.swift; path = ImageFileManager.swift; sourceTree = "<group>"; };
		782E9AF02A0379CC0025FD48 /* BoardElement.swift */ = {isa = PBXFileReference; lastKnownFileType = sourcecode.swift; path = BoardElement.swift; sourceTree = "<group>"; };
		784EB5B82A03423B0096D427 /* ButtonBrownModifier.swift */ = {isa = PBXFileReference; lastKnownFileType = sourcecode.swift; path = ButtonBrownModifier.swift; sourceTree = "<group>"; };
		784EB5BA2A0342670096D427 /* ButtonWhiteBoldModifier.swift */ = {isa = PBXFileReference; lastKnownFileType = sourcecode.swift; path = ButtonWhiteBoldModifier.swift; sourceTree = "<group>"; };
		784EB5BC2A0342800096D427 /* TextBrownModifier.swift */ = {isa = PBXFileReference; lastKnownFileType = sourcecode.swift; path = TextBrownModifier.swift; sourceTree = "<group>"; };
		784EB5BE2A0342990096D427 /* TextGrayModifier.swift */ = {isa = PBXFileReference; lastKnownFileType = sourcecode.swift; path = TextGrayModifier.swift; sourceTree = "<group>"; };
		784EB5C02A0342C90096D427 /* ViewExtension.swift */ = {isa = PBXFileReference; lastKnownFileType = sourcecode.swift; path = ViewExtension.swift; sourceTree = "<group>"; };
		784EB5C22A03453B0096D427 /* BindingExtension.swift */ = {isa = PBXFileReference; lastKnownFileType = sourcecode.swift; path = BindingExtension.swift; sourceTree = "<group>"; };
		784EB5C52A0345630096D427 /* TutorialBoardElement.swift */ = {isa = PBXFileReference; lastKnownFileType = sourcecode.swift; path = TutorialBoardElement.swift; sourceTree = "<group>"; };
		784EB5C82A0345A20096D427 /* MainView.swift */ = {isa = PBXFileReference; lastKnownFileType = sourcecode.swift; path = MainView.swift; sourceTree = "<group>"; };
		784EB5CA2A0345B90096D427 /* DreamBoardView.swift */ = {isa = PBXFileReference; lastKnownFileType = sourcecode.swift; path = DreamBoardView.swift; sourceTree = "<group>"; };
		784EB5CD2A0345E60096D427 /* TutorialStartView.swift */ = {isa = PBXFileReference; lastKnownFileType = sourcecode.swift; path = TutorialStartView.swift; sourceTree = "<group>"; };
		784EB5CF2A0345FD0096D427 /* TutorialView.swift */ = {isa = PBXFileReference; lastKnownFileType = sourcecode.swift; path = TutorialView.swift; sourceTree = "<group>"; };
		784EB5D12A0346160096D427 /* TuturialBoardView.swift */ = {isa = PBXFileReference; lastKnownFileType = sourcecode.swift; path = TuturialBoardView.swift; sourceTree = "<group>"; };
		784EB5D32A03462F0096D427 /* TutorialCalendarView.swift */ = {isa = PBXFileReference; lastKnownFileType = sourcecode.swift; path = TutorialCalendarView.swift; sourceTree = "<group>"; };
		784EB5D52A0346470096D427 /* TutorialWidgetView.swift */ = {isa = PBXFileReference; lastKnownFileType = sourcecode.swift; path = TutorialWidgetView.swift; sourceTree = "<group>"; };
		784EB5D82A03467B0096D427 /* ImagePicker.swift */ = {isa = PBXFileReference; lastKnownFileType = sourcecode.swift; path = ImagePicker.swift; sourceTree = "<group>"; };
		784EB5DA2A0346C70096D427 /* EditMenuView.swift */ = {isa = PBXFileReference; lastKnownFileType = sourcecode.swift; path = EditMenuView.swift; sourceTree = "<group>"; };
		784EB5DC2A0346E20096D427 /* BgColorGeoView.swift */ = {isa = PBXFileReference; lastKnownFileType = sourcecode.swift; path = BgColorGeoView.swift; sourceTree = "<group>"; };
		784EB5DE2A0346FA0096D427 /* MultiPreview.swift */ = {isa = PBXFileReference; lastKnownFileType = sourcecode.swift; path = MultiPreview.swift; sourceTree = "<group>"; };
		784EB5E02A0370E80096D427 /* EditColorView.swift */ = {isa = PBXFileReference; lastKnownFileType = sourcecode.swift; path = EditColorView.swift; sourceTree = "<group>"; };
		7891C6712A02802F006B5109 /* Info.plist */ = {isa = PBXFileReference; lastKnownFileType = text.plist; path = Info.plist; sourceTree = "<group>"; };
		78A28BBB2A0D0E920034B0A9 /* DBHelper.swift */ = {isa = PBXFileReference; lastKnownFileType = sourcecode.swift; path = DBHelper.swift; sourceTree = "<group>"; };
		78A28BBD2A0DB6310034B0A9 /* UIViewExtension.swift */ = {isa = PBXFileReference; lastKnownFileType = sourcecode.swift; path = UIViewExtension.swift; sourceTree = "<group>"; };
		78B0160C2A08C2060069ED6F /* MenuButtonModifier.swift */ = {isa = PBXFileReference; lastKnownFileType = sourcecode.swift; path = MenuButtonModifier.swift; sourceTree = "<group>"; };
		78C24FD52A0242710070906B /* ColorExtension.swift */ = {isa = PBXFileReference; lastKnownFileType = sourcecode.swift; path = ColorExtension.swift; sourceTree = "<group>"; };
		78D85B632A0F3EE100483D95 /* DreamLogTableProtocol.swift */ = {isa = PBXFileReference; lastKnownFileType = sourcecode.swift; path = DreamLogTableProtocol.swift; sourceTree = "<group>"; };
		78D85B652A0F3EF000483D95 /* CheerLogTableProtocol.swift */ = {isa = PBXFileReference; lastKnownFileType = sourcecode.swift; path = CheerLogTableProtocol.swift; sourceTree = "<group>"; };
		78D85B672A0F3FDD00483D95 /* DBHelperExtension.swift */ = {isa = PBXFileReference; lastKnownFileType = sourcecode.swift; path = DBHelperExtension.swift; sourceTree = "<group>"; };
		78D85B692A0F44E100483D95 /* CheerLogModel.swift */ = {isa = PBXFileReference; lastKnownFileType = sourcecode.swift; path = CheerLogModel.swift; sourceTree = "<group>"; };
		83C60E1B2A03D51D00F8E76B /* EditDrawingView.swift */ = {isa = PBXFileReference; lastKnownFileType = sourcecode.swift; path = EditDrawingView.swift; sourceTree = "<group>"; };
		83C60E2B2A05251500F8E76B /* EditDrawingMenuView.swift */ = {isa = PBXFileReference; lastKnownFileType = sourcecode.swift; path = EditDrawingMenuView.swift; sourceTree = "<group>"; };
		9500AB9A2A07E2350034933C /* TutorialTextEditView.swift */ = {isa = PBXFileReference; lastKnownFileType = sourcecode.swift; path = TutorialTextEditView.swift; sourceTree = "<group>"; };
		9500AB9C2A09E8620034933C /* ColorPreset.swift */ = {isa = PBXFileReference; lastKnownFileType = sourcecode.swift; path = ColorPreset.swift; sourceTree = "<group>"; };
		9500AB9E2A09F6800034933C /* EmojiPicker.swift */ = {isa = PBXFileReference; lastKnownFileType = sourcecode.swift; path = EmojiPicker.swift; sourceTree = "<group>"; };
		957041492A0B625E000633CD /* WidgetSizeButtonsView.swift */ = {isa = PBXFileReference; lastKnownFileType = sourcecode.swift; path = WidgetSizeButtonsView.swift; sourceTree = "<group>"; };
		9570414B2A0B6A67000633CD /* WidgetAreaView.swift */ = {isa = PBXFileReference; lastKnownFileType = sourcecode.swift; path = WidgetAreaView.swift; sourceTree = "<group>"; };
		9570414D2A0C7150000633CD /* FontExtension.swift */ = {isa = PBXFileReference; lastKnownFileType = sourcecode.swift; path = FontExtension.swift; sourceTree = "<group>"; };
		957041502A0C72A3000633CD /* JalnanOTF.otf */ = {isa = PBXFileReference; lastKnownFileType = file; path = JalnanOTF.otf; sourceTree = "<group>"; };
		957041512A0C72A3000633CD /* Pilseung Gothic Regular.otf */ = {isa = PBXFileReference; lastKnownFileType = file; path = "Pilseung Gothic Regular.otf"; sourceTree = "<group>"; };
		957041652A0C777C000633CD /* GabiaHeuldot.otf */ = {isa = PBXFileReference; lastKnownFileType = file; path = GabiaHeuldot.otf; sourceTree = "<group>"; };
		957041662A0C777C000633CD /* The Jamsil OTF 4 Medium.otf */ = {isa = PBXFileReference; lastKnownFileType = file; path = "The Jamsil OTF 4 Medium.otf"; sourceTree = "<group>"; };
		9570416B2A0C856D000633CD /* Tab1Model.swift */ = {isa = PBXFileReference; lastKnownFileType = sourcecode.swift; path = Tab1Model.swift; sourceTree = "<group>"; };
		9570416D2A0CBDB4000633CD /* DreamLogView.swift */ = {isa = PBXFileReference; lastKnownFileType = sourcecode.swift; path = DreamLogView.swift; sourceTree = "<group>"; };
/* End PBXFileReference section */

/* Begin PBXFrameworksBuildPhase section */
		1669725B2A015A4600702B59 /* Frameworks */ = {
			isa = PBXFrameworksBuildPhase;
			buildActionMask = 2147483647;
			files = (
			);
			runOnlyForDeploymentPostprocessing = 0;
		};
		78293F422A0C95E500F5EA48 /* Frameworks */ = {
			isa = PBXFrameworksBuildPhase;
			buildActionMask = 2147483647;
			files = (
				78293F4A2A0C95E500F5EA48 /* SwiftUI.framework in Frameworks */,
				78293F482A0C95E500F5EA48 /* WidgetKit.framework in Frameworks */,
			);
			runOnlyForDeploymentPostprocessing = 0;
		};
/* End PBXFrameworksBuildPhase section */

/* Begin PBXGroup section */
		166972552A015A4600702B59 = {
			isa = PBXGroup;
			children = (
				78028F792A10752A00758C5B /* DreamBoardWidgetExtension.entitlements */,
				166972602A015A4600702B59 /* mc2-DreamLog */,
				78293F4B2A0C95E500F5EA48 /* DreamBoardWidget */,
				78293F462A0C95E500F5EA48 /* Frameworks */,
				1669725F2A015A4600702B59 /* Products */,
			);
			sourceTree = "<group>";
		};
		1669725F2A015A4600702B59 /* Products */ = {
			isa = PBXGroup;
			children = (
				1669725E2A015A4600702B59 /* mc2-DreamLog.app */,
				78293F452A0C95E500F5EA48 /* DreamBoardWidgetExtension.appex */,
			);
			name = Products;
			sourceTree = "<group>";
		};
		166972602A015A4600702B59 /* mc2-DreamLog */ = {
			isa = PBXGroup;
			children = (
				78028F782A10752500758C5B /* mc2-DreamLog.entitlements */,
				166972612A015A4600702B59 /* mc2_DreamLogApp.swift */,
				784EB5C72A0345830096D427 /* View */,
				784EB5C42A0345560096D427 /* Model */,
				78C24FD32A0242540070906B /* Global */,
				166972652A015A4800702B59 /* Assets.xcassets */,
				7891C6712A02802F006B5109 /* Info.plist */,
				166972672A015A4800702B59 /* Preview Content */,
				167435602A09021D00891AAB /* CoreData.xcdatamodeld */,
			);
			path = "mc2-DreamLog";
			sourceTree = "<group>";
		};
		166972672A015A4800702B59 /* Preview Content */ = {
			isa = PBXGroup;
			children = (
				166972682A015A4800702B59 /* Preview Assets.xcassets */,
			);
			path = "Preview Content";
			sourceTree = "<group>";
		};
		78293F462A0C95E500F5EA48 /* Frameworks */ = {
			isa = PBXGroup;
			children = (
				78293F472A0C95E500F5EA48 /* WidgetKit.framework */,
				78293F492A0C95E500F5EA48 /* SwiftUI.framework */,
			);
			name = Frameworks;
			sourceTree = "<group>";
		};
		78293F4B2A0C95E500F5EA48 /* DreamBoardWidget */ = {
			isa = PBXGroup;
			children = (
				78293F4C2A0C95E500F5EA48 /* DreamBoardWidgetBundle.swift */,
				78293F4E2A0C95E500F5EA48 /* DreamBoardWidgetLiveActivity.swift */,
				78293F502A0C95E500F5EA48 /* DreamBoardWidget.swift */,
				78293F522A0C95E500F5EA48 /* DreamBoardWidget.intentdefinition */,
				78293F532A0C95E600F5EA48 /* Assets.xcassets */,
				78293F552A0C95E600F5EA48 /* Info.plist */,
			);
			path = DreamBoardWidget;
			sourceTree = "<group>";
		};
		784EB5B72A03421C0096D427 /* Modifier */ = {
			isa = PBXGroup;
			children = (
				784EB5B82A03423B0096D427 /* ButtonBrownModifier.swift */,
				784EB5BA2A0342670096D427 /* ButtonWhiteBoldModifier.swift */,
				784EB5BC2A0342800096D427 /* TextBrownModifier.swift */,
				784EB5BE2A0342990096D427 /* TextGrayModifier.swift */,
				78B0160C2A08C2060069ED6F /* MenuButtonModifier.swift */,
			);
			path = Modifier;
			sourceTree = "<group>";
		};
		784EB5C42A0345560096D427 /* Model */ = {
			isa = PBXGroup;
			children = (
				784EB5C52A0345630096D427 /* TutorialBoardElement.swift */,
				782E9AF02A0379CC0025FD48 /* BoardElement.swift */,
				438E87872A0882AB00037E11 /* FocusUUID.swift */,
				9500AB9C2A09E8620034933C /* ColorPreset.swift */,
				781EC7C12A0B3C7B00C47893 /* TransferableUIImage.swift */,
				9570416B2A0C856D000633CD /* Tab1Model.swift */,
				78A28BBB2A0D0E920034B0A9 /* DBHelper.swift */,
				782DFF692A0DC0D500DB62FF /* ImageFileManager.swift */,
				43CEE4632A0E0CA80077559E /* DreamLogModel.swift */,
				78D85B692A0F44E100483D95 /* CheerLogModel.swift */,
			);
			path = Model;
			sourceTree = "<group>";
		};
		784EB5C72A0345830096D427 /* View */ = {
			isa = PBXGroup;
			children = (
				784EB5C82A0345A20096D427 /* MainView.swift */,
				1635FA852A03AB490056C2CB /* CheerLogView.swift */,
				784EB5CA2A0345B90096D427 /* DreamBoardView.swift */,
				43CEE4612A0DE3160077559E /* DreamBoardEditView.swift */,
				9570416D2A0CBDB4000633CD /* DreamLogView.swift */,
				163214A22A0DD07000FA87CC /* DDayCalendarView.swift */,
				83C60E1B2A03D51D00F8E76B /* EditDrawingView.swift */,
				43391BF72A0F712700AF1BD5 /* LoadingView.swift */,
				784EB5D72A0346630096D427 /* Componets */,
				784EB5CC2A0345CB0096D427 /* Tutorial */,
			);
			path = View;
			sourceTree = "<group>";
		};
		784EB5CC2A0345CB0096D427 /* Tutorial */ = {
			isa = PBXGroup;
			children = (
				784EB5CD2A0345E60096D427 /* TutorialStartView.swift */,
				784EB5CF2A0345FD0096D427 /* TutorialView.swift */,
				784EB5D12A0346160096D427 /* TuturialBoardView.swift */,
				784EB5D32A03462F0096D427 /* TutorialCalendarView.swift */,
				784EB5D52A0346470096D427 /* TutorialWidgetView.swift */,
				9500AB9A2A07E2350034933C /* TutorialTextEditView.swift */,
			);
			path = Tutorial;
			sourceTree = "<group>";
		};
		784EB5D72A0346630096D427 /* Componets */ = {
			isa = PBXGroup;
			children = (
				83C60E2B2A05251500F8E76B /* EditDrawingMenuView.swift */,
				784EB5D82A03467B0096D427 /* ImagePicker.swift */,
				784EB5DC2A0346E20096D427 /* BgColorGeoView.swift */,
				784EB5DE2A0346FA0096D427 /* MultiPreview.swift */,
				784EB5E02A0370E80096D427 /* EditColorView.swift */,
				784EB5DA2A0346C70096D427 /* EditMenuView.swift */,
				438E87852A0881CB00037E11 /* FixableImageView.swift */,
				9500AB9E2A09F6800034933C /* EmojiPicker.swift */,
				957041492A0B625E000633CD /* WidgetSizeButtonsView.swift */,
				9570414B2A0B6A67000633CD /* WidgetAreaView.swift */,
			);
			path = Componets;
			sourceTree = "<group>";
		};
		78C24FD32A0242540070906B /* Global */ = {
			isa = PBXGroup;
			children = (
				78D85B622A0F3E9000483D95 /* Protocol */,
				9570414F2A0C7240000633CD /* Resources */,
				784EB5B72A03421C0096D427 /* Modifier */,
				78C24FD42A02425E0070906B /* Extension */,
			);
			path = Global;
			sourceTree = "<group>";
		};
		78C24FD42A02425E0070906B /* Extension */ = {
			isa = PBXGroup;
			children = (
				78C24FD52A0242710070906B /* ColorExtension.swift */,
				784EB5C02A0342C90096D427 /* ViewExtension.swift */,
				784EB5C22A03453B0096D427 /* BindingExtension.swift */,
				9570414D2A0C7150000633CD /* FontExtension.swift */,
				78A28BBD2A0DB6310034B0A9 /* UIViewExtension.swift */,
				78D85B672A0F3FDD00483D95 /* DBHelperExtension.swift */,
			);
			path = Extension;
			sourceTree = "<group>";
		};
		78D85B622A0F3E9000483D95 /* Protocol */ = {
			isa = PBXGroup;
			children = (
				78D85B632A0F3EE100483D95 /* DreamLogTableProtocol.swift */,
				78D85B652A0F3EF000483D95 /* CheerLogTableProtocol.swift */,
			);
			path = Protocol;
			sourceTree = "<group>";
		};
		9570414F2A0C7240000633CD /* Resources */ = {
			isa = PBXGroup;
			children = (
				957041642A0C776D000633CD /* Font */,
			);
			path = Resources;
			sourceTree = "<group>";
		};
		957041642A0C776D000633CD /* Font */ = {
			isa = PBXGroup;
			children = (
				957041652A0C777C000633CD /* GabiaHeuldot.otf */,
				957041662A0C777C000633CD /* The Jamsil OTF 4 Medium.otf */,
				957041502A0C72A3000633CD /* JalnanOTF.otf */,
				957041512A0C72A3000633CD /* Pilseung Gothic Regular.otf */,
			);
			path = Font;
			sourceTree = "<group>";
		};
/* End PBXGroup section */

/* Begin PBXNativeTarget section */
		1669725D2A015A4600702B59 /* mc2-DreamLog */ = {
			isa = PBXNativeTarget;
			buildConfigurationList = 1669726C2A015A4800702B59 /* Build configuration list for PBXNativeTarget "mc2-DreamLog" */;
			buildPhases = (
				1669725A2A015A4600702B59 /* Sources */,
				1669725B2A015A4600702B59 /* Frameworks */,
				1669725C2A015A4600702B59 /* Resources */,
				78293F5B2A0C95E600F5EA48 /* Embed Foundation Extensions */,
			);
			buildRules = (
			);
			dependencies = (
				78293F592A0C95E600F5EA48 /* PBXTargetDependency */,
			);
			name = "mc2-DreamLog";
			productName = "mc2-DreamLog";
			productReference = 1669725E2A015A4600702B59 /* mc2-DreamLog.app */;
			productType = "com.apple.product-type.application";
		};
		78293F442A0C95E500F5EA48 /* DreamBoardWidgetExtension */ = {
			isa = PBXNativeTarget;
			buildConfigurationList = 78293F5E2A0C95E600F5EA48 /* Build configuration list for PBXNativeTarget "DreamBoardWidgetExtension" */;
			buildPhases = (
				78293F412A0C95E500F5EA48 /* Sources */,
				78293F422A0C95E500F5EA48 /* Frameworks */,
				78293F432A0C95E500F5EA48 /* Resources */,
			);
			buildRules = (
			);
			dependencies = (
			);
			name = DreamBoardWidgetExtension;
			productName = DreamBoardWidgetExtension;
			productReference = 78293F452A0C95E500F5EA48 /* DreamBoardWidgetExtension.appex */;
			productType = "com.apple.product-type.app-extension";
		};
/* End PBXNativeTarget section */

/* Begin PBXProject section */
		166972562A015A4600702B59 /* Project object */ = {
			isa = PBXProject;
			attributes = {
				BuildIndependentTargetsInParallel = 1;
				LastSwiftUpdateCheck = 1430;
				LastUpgradeCheck = 1420;
				TargetAttributes = {
					1669725D2A015A4600702B59 = {
						CreatedOnToolsVersion = 14.2;
					};
					78293F442A0C95E500F5EA48 = {
						CreatedOnToolsVersion = 14.3;
					};
				};
			};
			buildConfigurationList = 166972592A015A4600702B59 /* Build configuration list for PBXProject "mc2-DreamLog" */;
			compatibilityVersion = "Xcode 14.0";
			developmentRegion = en;
			hasScannedForEncodings = 0;
			knownRegions = (
				en,
				Base,
			);
			mainGroup = 166972552A015A4600702B59;
			productRefGroup = 1669725F2A015A4600702B59 /* Products */;
			projectDirPath = "";
			projectRoot = "";
			targets = (
				1669725D2A015A4600702B59 /* mc2-DreamLog */,
				78293F442A0C95E500F5EA48 /* DreamBoardWidgetExtension */,
			);
		};
/* End PBXProject section */

/* Begin PBXResourcesBuildPhase section */
		1669725C2A015A4600702B59 /* Resources */ = {
			isa = PBXResourcesBuildPhase;
			buildActionMask = 2147483647;
			files = (
				957041522A0C72A3000633CD /* JalnanOTF.otf in Resources */,
				957041532A0C72A3000633CD /* Pilseung Gothic Regular.otf in Resources */,
				166972692A015A4800702B59 /* Preview Assets.xcassets in Resources */,
				957041682A0C777C000633CD /* The Jamsil OTF 4 Medium.otf in Resources */,
				166972662A015A4800702B59 /* Assets.xcassets in Resources */,
				957041672A0C777C000633CD /* GabiaHeuldot.otf in Resources */,
			);
			runOnlyForDeploymentPostprocessing = 0;
		};
		78293F432A0C95E500F5EA48 /* Resources */ = {
			isa = PBXResourcesBuildPhase;
			buildActionMask = 2147483647;
			files = (
				78293F542A0C95E600F5EA48 /* Assets.xcassets in Resources */,
			);
			runOnlyForDeploymentPostprocessing = 0;
		};
/* End PBXResourcesBuildPhase section */

/* Begin PBXSourcesBuildPhase section */
		1669725A2A015A4600702B59 /* Sources */ = {
			isa = PBXSourcesBuildPhase;
			buildActionMask = 2147483647;
			files = (
				784EB5D02A0345FD0096D427 /* TutorialView.swift in Sources */,
				43CEE4622A0DE3160077559E /* DreamBoardEditView.swift in Sources */,
				784EB5DD2A0346E20096D427 /* BgColorGeoView.swift in Sources */,
				167435622A09021D00891AAB /* CoreData.xcdatamodeld in Sources */,
				9570416E2A0CBDB4000633CD /* DreamLogView.swift in Sources */,
				9570414C2A0B6A67000633CD /* WidgetAreaView.swift in Sources */,
				438E87862A0881CB00037E11 /* FixableImageView.swift in Sources */,
				784EB5BB2A0342670096D427 /* ButtonWhiteBoldModifier.swift in Sources */,
				784EB5DB2A0346C70096D427 /* EditMenuView.swift in Sources */,
				78B0160D2A08C2060069ED6F /* MenuButtonModifier.swift in Sources */,
				438E87882A0882AB00037E11 /* FocusUUID.swift in Sources */,
				78A28BBC2A0D0E920034B0A9 /* DBHelper.swift in Sources */,
				78C24FD62A0242710070906B /* ColorExtension.swift in Sources */,
				9500AB9B2A07E2350034933C /* TutorialTextEditView.swift in Sources */,
				78D85B662A0F3EF000483D95 /* CheerLogTableProtocol.swift in Sources */,
				83C60E2C2A05251500F8E76B /* EditDrawingMenuView.swift in Sources */,
				784EB5D92A03467B0096D427 /* ImagePicker.swift in Sources */,
				784EB5CE2A0345E60096D427 /* TutorialStartView.swift in Sources */,
				9570414A2A0B625E000633CD /* WidgetSizeButtonsView.swift in Sources */,
				784EB5BD2A0342800096D427 /* TextBrownModifier.swift in Sources */,
				78A28BBE2A0DB6310034B0A9 /* UIViewExtension.swift in Sources */,
				784EB5D22A0346160096D427 /* TuturialBoardView.swift in Sources */,
				1635FA862A03AB490056C2CB /* CheerLogView.swift in Sources */,
				78293F572A0C95E600F5EA48 /* DreamBoardWidget.intentdefinition in Sources */,
				43CEE4642A0E0CA80077559E /* DreamLogModel.swift in Sources */,
				784EB5CB2A0345B90096D427 /* DreamBoardView.swift in Sources */,
				9570414E2A0C7150000633CD /* FontExtension.swift in Sources */,
				784EB5BF2A0342990096D427 /* TextGrayModifier.swift in Sources */,
				9570416C2A0C856D000633CD /* Tab1Model.swift in Sources */,
				781EC7C22A0B3C7B00C47893 /* TransferableUIImage.swift in Sources */,
				782DFF6A2A0DC0D500DB62FF /* ImageFileManager.swift in Sources */,
				9500AB9F2A09F6800034933C /* EmojiPicker.swift in Sources */,
				782E9AF12A0379CC0025FD48 /* BoardElement.swift in Sources */,
				166972622A015A4600702B59 /* mc2_DreamLogApp.swift in Sources */,
				78D85B642A0F3EE100483D95 /* DreamLogTableProtocol.swift in Sources */,
				784EB5C32A03453B0096D427 /* BindingExtension.swift in Sources */,
				784EB5DF2A0346FA0096D427 /* MultiPreview.swift in Sources */,
				78D85B682A0F3FDD00483D95 /* DBHelperExtension.swift in Sources */,
				83C60E1C2A03D51D00F8E76B /* EditDrawingView.swift in Sources */,
				784EB5C92A0345A20096D427 /* MainView.swift in Sources */,
				784EB5E12A0370E80096D427 /* EditColorView.swift in Sources */,
				784EB5D62A0346470096D427 /* TutorialWidgetView.swift in Sources */,
				78D85B6A2A0F44E100483D95 /* CheerLogModel.swift in Sources */,
				43391BF82A0F712700AF1BD5 /* LoadingView.swift in Sources */,
				784EB5C62A0345630096D427 /* TutorialBoardElement.swift in Sources */,
				784EB5C12A0342C90096D427 /* ViewExtension.swift in Sources */,
				784EB5D42A03462F0096D427 /* TutorialCalendarView.swift in Sources */,
				9500AB9D2A09E8620034933C /* ColorPreset.swift in Sources */,
				163214A32A0DD07000FA87CC /* DDayCalendarView.swift in Sources */,
				784EB5B92A03423B0096D427 /* ButtonBrownModifier.swift in Sources */,
			);
			runOnlyForDeploymentPostprocessing = 0;
		};
		78293F412A0C95E500F5EA48 /* Sources */ = {
			isa = PBXSourcesBuildPhase;
			buildActionMask = 2147483647;
			files = (
				78293F4D2A0C95E500F5EA48 /* DreamBoardWidgetBundle.swift in Sources */,
				78293F562A0C95E600F5EA48 /* DreamBoardWidget.intentdefinition in Sources */,
				78293F4F2A0C95E500F5EA48 /* DreamBoardWidgetLiveActivity.swift in Sources */,
				78293F512A0C95E500F5EA48 /* DreamBoardWidget.swift in Sources */,
			);
			runOnlyForDeploymentPostprocessing = 0;
		};
/* End PBXSourcesBuildPhase section */

/* Begin PBXTargetDependency section */
		78293F592A0C95E600F5EA48 /* PBXTargetDependency */ = {
			isa = PBXTargetDependency;
			target = 78293F442A0C95E500F5EA48 /* DreamBoardWidgetExtension */;
			targetProxy = 78293F582A0C95E600F5EA48 /* PBXContainerItemProxy */;
		};
/* End PBXTargetDependency section */

/* Begin XCBuildConfiguration section */
		1669726A2A015A4800702B59 /* Debug */ = {
			isa = XCBuildConfiguration;
			buildSettings = {
				ALWAYS_SEARCH_USER_PATHS = NO;
				CLANG_ANALYZER_NONNULL = YES;
				CLANG_ANALYZER_NUMBER_OBJECT_CONVERSION = YES_AGGRESSIVE;
				CLANG_CXX_LANGUAGE_STANDARD = "gnu++20";
				CLANG_ENABLE_MODULES = YES;
				CLANG_ENABLE_OBJC_ARC = YES;
				CLANG_ENABLE_OBJC_WEAK = YES;
				CLANG_WARN_BLOCK_CAPTURE_AUTORELEASING = YES;
				CLANG_WARN_BOOL_CONVERSION = YES;
				CLANG_WARN_COMMA = YES;
				CLANG_WARN_CONSTANT_CONVERSION = YES;
				CLANG_WARN_DEPRECATED_OBJC_IMPLEMENTATIONS = YES;
				CLANG_WARN_DIRECT_OBJC_ISA_USAGE = YES_ERROR;
				CLANG_WARN_DOCUMENTATION_COMMENTS = YES;
				CLANG_WARN_EMPTY_BODY = YES;
				CLANG_WARN_ENUM_CONVERSION = YES;
				CLANG_WARN_INFINITE_RECURSION = YES;
				CLANG_WARN_INT_CONVERSION = YES;
				CLANG_WARN_NON_LITERAL_NULL_CONVERSION = YES;
				CLANG_WARN_OBJC_IMPLICIT_RETAIN_SELF = YES;
				CLANG_WARN_OBJC_LITERAL_CONVERSION = YES;
				CLANG_WARN_OBJC_ROOT_CLASS = YES_ERROR;
				CLANG_WARN_QUOTED_INCLUDE_IN_FRAMEWORK_HEADER = YES;
				CLANG_WARN_RANGE_LOOP_ANALYSIS = YES;
				CLANG_WARN_STRICT_PROTOTYPES = YES;
				CLANG_WARN_SUSPICIOUS_MOVE = YES;
				CLANG_WARN_UNGUARDED_AVAILABILITY = YES_AGGRESSIVE;
				CLANG_WARN_UNREACHABLE_CODE = YES;
				CLANG_WARN__DUPLICATE_METHOD_MATCH = YES;
				COPY_PHASE_STRIP = NO;
				DEBUG_INFORMATION_FORMAT = dwarf;
				ENABLE_STRICT_OBJC_MSGSEND = YES;
				ENABLE_TESTABILITY = YES;
				GCC_C_LANGUAGE_STANDARD = gnu11;
				GCC_DYNAMIC_NO_PIC = NO;
				GCC_NO_COMMON_BLOCKS = YES;
				GCC_OPTIMIZATION_LEVEL = 0;
				GCC_PREPROCESSOR_DEFINITIONS = (
					"DEBUG=1",
					"$(inherited)",
				);
				GCC_WARN_64_TO_32_BIT_CONVERSION = YES;
				GCC_WARN_ABOUT_RETURN_TYPE = YES_ERROR;
				GCC_WARN_UNDECLARED_SELECTOR = YES;
				GCC_WARN_UNINITIALIZED_AUTOS = YES_AGGRESSIVE;
				GCC_WARN_UNUSED_FUNCTION = YES;
				GCC_WARN_UNUSED_VARIABLE = YES;
				IPHONEOS_DEPLOYMENT_TARGET = 16.2;
				MTL_ENABLE_DEBUG_INFO = INCLUDE_SOURCE;
				MTL_FAST_MATH = YES;
				ONLY_ACTIVE_ARCH = YES;
				SDKROOT = iphoneos;
				SWIFT_ACTIVE_COMPILATION_CONDITIONS = DEBUG;
				SWIFT_OPTIMIZATION_LEVEL = "-Onone";
			};
			name = Debug;
		};
		1669726B2A015A4800702B59 /* Release */ = {
			isa = XCBuildConfiguration;
			buildSettings = {
				ALWAYS_SEARCH_USER_PATHS = NO;
				CLANG_ANALYZER_NONNULL = YES;
				CLANG_ANALYZER_NUMBER_OBJECT_CONVERSION = YES_AGGRESSIVE;
				CLANG_CXX_LANGUAGE_STANDARD = "gnu++20";
				CLANG_ENABLE_MODULES = YES;
				CLANG_ENABLE_OBJC_ARC = YES;
				CLANG_ENABLE_OBJC_WEAK = YES;
				CLANG_WARN_BLOCK_CAPTURE_AUTORELEASING = YES;
				CLANG_WARN_BOOL_CONVERSION = YES;
				CLANG_WARN_COMMA = YES;
				CLANG_WARN_CONSTANT_CONVERSION = YES;
				CLANG_WARN_DEPRECATED_OBJC_IMPLEMENTATIONS = YES;
				CLANG_WARN_DIRECT_OBJC_ISA_USAGE = YES_ERROR;
				CLANG_WARN_DOCUMENTATION_COMMENTS = YES;
				CLANG_WARN_EMPTY_BODY = YES;
				CLANG_WARN_ENUM_CONVERSION = YES;
				CLANG_WARN_INFINITE_RECURSION = YES;
				CLANG_WARN_INT_CONVERSION = YES;
				CLANG_WARN_NON_LITERAL_NULL_CONVERSION = YES;
				CLANG_WARN_OBJC_IMPLICIT_RETAIN_SELF = YES;
				CLANG_WARN_OBJC_LITERAL_CONVERSION = YES;
				CLANG_WARN_OBJC_ROOT_CLASS = YES_ERROR;
				CLANG_WARN_QUOTED_INCLUDE_IN_FRAMEWORK_HEADER = YES;
				CLANG_WARN_RANGE_LOOP_ANALYSIS = YES;
				CLANG_WARN_STRICT_PROTOTYPES = YES;
				CLANG_WARN_SUSPICIOUS_MOVE = YES;
				CLANG_WARN_UNGUARDED_AVAILABILITY = YES_AGGRESSIVE;
				CLANG_WARN_UNREACHABLE_CODE = YES;
				CLANG_WARN__DUPLICATE_METHOD_MATCH = YES;
				COPY_PHASE_STRIP = NO;
				DEBUG_INFORMATION_FORMAT = "dwarf-with-dsym";
				ENABLE_NS_ASSERTIONS = NO;
				ENABLE_STRICT_OBJC_MSGSEND = YES;
				GCC_C_LANGUAGE_STANDARD = gnu11;
				GCC_NO_COMMON_BLOCKS = YES;
				GCC_WARN_64_TO_32_BIT_CONVERSION = YES;
				GCC_WARN_ABOUT_RETURN_TYPE = YES_ERROR;
				GCC_WARN_UNDECLARED_SELECTOR = YES;
				GCC_WARN_UNINITIALIZED_AUTOS = YES_AGGRESSIVE;
				GCC_WARN_UNUSED_FUNCTION = YES;
				GCC_WARN_UNUSED_VARIABLE = YES;
				IPHONEOS_DEPLOYMENT_TARGET = 16.2;
				MTL_ENABLE_DEBUG_INFO = NO;
				MTL_FAST_MATH = YES;
				SDKROOT = iphoneos;
				SWIFT_COMPILATION_MODE = wholemodule;
				SWIFT_OPTIMIZATION_LEVEL = "-O";
				VALIDATE_PRODUCT = YES;
			};
			name = Release;
		};
		1669726D2A015A4800702B59 /* Debug */ = {
			isa = XCBuildConfiguration;
			buildSettings = {
				ALWAYS_EMBED_SWIFT_STANDARD_LIBRARIES = YES;
				ASSETCATALOG_COMPILER_APPICON_NAME = AppIcon;
				ASSETCATALOG_COMPILER_GLOBAL_ACCENT_COLOR_NAME = AccentColor;
				CODE_SIGN_ENTITLEMENTS = "mc2-DreamLog/mc2-DreamLog.entitlements";
				CODE_SIGN_STYLE = Automatic;
				CURRENT_PROJECT_VERSION = 1;
				DEVELOPMENT_ASSET_PATHS = "\"mc2-DreamLog/Preview Content\"";
				DEVELOPMENT_TEAM = UG6UT639QH;
				ENABLE_PREVIEWS = YES;
				GENERATE_INFOPLIST_FILE = YES;
				INFOPLIST_FILE = "mc2-DreamLog/Info.plist";
				INFOPLIST_KEY_UIApplicationSceneManifest_Generation = YES;
				INFOPLIST_KEY_UIApplicationSupportsIndirectInputEvents = YES;
				INFOPLIST_KEY_UISupportedInterfaceOrientations_iPad = "UIInterfaceOrientationPortrait UIInterfaceOrientationPortraitUpsideDown UIInterfaceOrientationLandscapeLeft UIInterfaceOrientationLandscapeRight";
				INFOPLIST_KEY_UISupportedInterfaceOrientations_iPhone = "UIInterfaceOrientationPortrait UIInterfaceOrientationLandscapeLeft UIInterfaceOrientationLandscapeRight";
				LD_RUNPATH_SEARCH_PATHS = (
					"$(inherited)",
					"@executable_path/Frameworks",
				);
				MARKETING_VERSION = 1.0;
				PRODUCT_BUNDLE_IDENTIFIER = "ada.mc2-DreamLog";
				PRODUCT_NAME = "$(TARGET_NAME)";
				SWIFT_EMIT_LOC_STRINGS = YES;
				SWIFT_VERSION = 5.0;
				TARGETED_DEVICE_FAMILY = "1,2";
			};
			name = Debug;
		};
		1669726E2A015A4800702B59 /* Release */ = {
			isa = XCBuildConfiguration;
			buildSettings = {
				ALWAYS_EMBED_SWIFT_STANDARD_LIBRARIES = YES;
				ASSETCATALOG_COMPILER_APPICON_NAME = AppIcon;
				ASSETCATALOG_COMPILER_GLOBAL_ACCENT_COLOR_NAME = AccentColor;
				CODE_SIGN_ENTITLEMENTS = "mc2-DreamLog/mc2-DreamLog.entitlements";
				CODE_SIGN_STYLE = Automatic;
				CURRENT_PROJECT_VERSION = 1;
				DEVELOPMENT_ASSET_PATHS = "\"mc2-DreamLog/Preview Content\"";
				DEVELOPMENT_TEAM = UG6UT639QH;
				ENABLE_PREVIEWS = YES;
				GENERATE_INFOPLIST_FILE = YES;
				INFOPLIST_FILE = "mc2-DreamLog/Info.plist";
				INFOPLIST_KEY_UIApplicationSceneManifest_Generation = YES;
				INFOPLIST_KEY_UIApplicationSupportsIndirectInputEvents = YES;
				INFOPLIST_KEY_UISupportedInterfaceOrientations_iPad = "UIInterfaceOrientationPortrait UIInterfaceOrientationPortraitUpsideDown UIInterfaceOrientationLandscapeLeft UIInterfaceOrientationLandscapeRight";
				INFOPLIST_KEY_UISupportedInterfaceOrientations_iPhone = "UIInterfaceOrientationPortrait UIInterfaceOrientationLandscapeLeft UIInterfaceOrientationLandscapeRight";
				LD_RUNPATH_SEARCH_PATHS = (
					"$(inherited)",
					"@executable_path/Frameworks",
				);
				MARKETING_VERSION = 1.0;
				PRODUCT_BUNDLE_IDENTIFIER = "ada.mc2-DreamLog";
				PRODUCT_NAME = "$(TARGET_NAME)";
				SWIFT_EMIT_LOC_STRINGS = YES;
				SWIFT_VERSION = 5.0;
				TARGETED_DEVICE_FAMILY = "1,2";
			};
			name = Release;
		};
		78293F5C2A0C95E600F5EA48 /* Debug */ = {
			isa = XCBuildConfiguration;
			buildSettings = {
				ASSETCATALOG_COMPILER_GLOBAL_ACCENT_COLOR_NAME = AccentColor;
				ASSETCATALOG_COMPILER_WIDGET_BACKGROUND_COLOR_NAME = WidgetBackground;
				CODE_SIGN_ENTITLEMENTS = DreamBoardWidgetExtension.entitlements;
				CODE_SIGN_STYLE = Automatic;
				CURRENT_PROJECT_VERSION = 1;
				DEVELOPMENT_TEAM = UG6UT639QH;
				GENERATE_INFOPLIST_FILE = YES;
				INFOPLIST_FILE = DreamBoardWidget/Info.plist;
				INFOPLIST_KEY_CFBundleDisplayName = DreamBoardWidget;
				INFOPLIST_KEY_NSHumanReadableCopyright = "";
				IPHONEOS_DEPLOYMENT_TARGET = 16.2;
				LD_RUNPATH_SEARCH_PATHS = (
					"$(inherited)",
					"@executable_path/Frameworks",
					"@executable_path/../../Frameworks",
				);
				MARKETING_VERSION = 1.0;
				PRODUCT_BUNDLE_IDENTIFIER = "ada.mc2-DreamLog.DreamBoardWidget";
				PRODUCT_NAME = "$(TARGET_NAME)";
				SKIP_INSTALL = YES;
				SWIFT_EMIT_LOC_STRINGS = YES;
				SWIFT_VERSION = 5.0;
				TARGETED_DEVICE_FAMILY = "1,2";
			};
			name = Debug;
		};
		78293F5D2A0C95E600F5EA48 /* Release */ = {
			isa = XCBuildConfiguration;
			buildSettings = {
				ASSETCATALOG_COMPILER_GLOBAL_ACCENT_COLOR_NAME = AccentColor;
				ASSETCATALOG_COMPILER_WIDGET_BACKGROUND_COLOR_NAME = WidgetBackground;
				CODE_SIGN_ENTITLEMENTS = DreamBoardWidgetExtension.entitlements;
				CODE_SIGN_STYLE = Automatic;
				CURRENT_PROJECT_VERSION = 1;
				DEVELOPMENT_TEAM = UG6UT639QH;
				GENERATE_INFOPLIST_FILE = YES;
				INFOPLIST_FILE = DreamBoardWidget/Info.plist;
				INFOPLIST_KEY_CFBundleDisplayName = DreamBoardWidget;
				INFOPLIST_KEY_NSHumanReadableCopyright = "";
				IPHONEOS_DEPLOYMENT_TARGET = 16.2;
				LD_RUNPATH_SEARCH_PATHS = (
					"$(inherited)",
					"@executable_path/Frameworks",
					"@executable_path/../../Frameworks",
				);
				MARKETING_VERSION = 1.0;
				PRODUCT_BUNDLE_IDENTIFIER = "ada.mc2-DreamLog.DreamBoardWidget";
				PRODUCT_NAME = "$(TARGET_NAME)";
				SKIP_INSTALL = YES;
				SWIFT_EMIT_LOC_STRINGS = YES;
				SWIFT_VERSION = 5.0;
				TARGETED_DEVICE_FAMILY = "1,2";
			};
			name = Release;
		};
/* End XCBuildConfiguration section */

/* Begin XCConfigurationList section */
		166972592A015A4600702B59 /* Build configuration list for PBXProject "mc2-DreamLog" */ = {
			isa = XCConfigurationList;
			buildConfigurations = (
				1669726A2A015A4800702B59 /* Debug */,
				1669726B2A015A4800702B59 /* Release */,
			);
			defaultConfigurationIsVisible = 0;
			defaultConfigurationName = Release;
		};
		1669726C2A015A4800702B59 /* Build configuration list for PBXNativeTarget "mc2-DreamLog" */ = {
			isa = XCConfigurationList;
			buildConfigurations = (
				1669726D2A015A4800702B59 /* Debug */,
				1669726E2A015A4800702B59 /* Release */,
			);
			defaultConfigurationIsVisible = 0;
			defaultConfigurationName = Release;
		};
		78293F5E2A0C95E600F5EA48 /* Build configuration list for PBXNativeTarget "DreamBoardWidgetExtension" */ = {
			isa = XCConfigurationList;
			buildConfigurations = (
				78293F5C2A0C95E600F5EA48 /* Debug */,
				78293F5D2A0C95E600F5EA48 /* Release */,
			);
			defaultConfigurationIsVisible = 0;
			defaultConfigurationName = Release;
		};
/* End XCConfigurationList section */

/* Begin XCVersionGroup section */
		167435602A09021D00891AAB /* CoreData.xcdatamodeld */ = {
			isa = XCVersionGroup;
			children = (
				167435612A09021D00891AAB /* CoreData.xcdatamodel */,
			);
			currentVersion = 167435612A09021D00891AAB /* CoreData.xcdatamodel */;
			path = CoreData.xcdatamodeld;
			sourceTree = "<group>";
			versionGroupType = wrapper.xcdatamodel;
		};
/* End XCVersionGroup section */
	};
	rootObject = 166972562A015A4600702B59 /* Project object */;
}
